
Microsoft Visual Studio Solution File, Format Version 12.00
# Visual Studio Version 16
VisualStudioVersion = 16.0.30225.117
MinimumVisualStudioVersion = 10.0.40219.1
Project("{FAE04EC0-301F-11D3-BF4B-00C04F79EFBC}") = "onlineshopping", "onlineshopping\onlineshopping.csproj", "{C4793AD0-BA6C-46FE-A398-DA9E210090C0}"
EndProject
Global
	GlobalSection(SolutionConfigurationPlatforms) = preSolution
		Debug|Any CPU = Debug|Any CPU
		Release|Any CPU = Release|Any CPU
	EndGlobalSection
	GlobalSection(ProjectConfigurationPlatforms) = postSolution
		{C4793AD0-BA6C-46FE-A398-DA9E210090C0}.Debug|Any CPU.ActiveCfg = Debug|Any CPU
		{C4793AD0-BA6C-46FE-A398-DA9E210090C0}.Debug|Any CPU.Build.0 = Debug|Any CPU
		{C4793AD0-BA6C-46FE-A398-DA9E210090C0}.Release|Any CPU.ActiveCfg = Release|Any CPU
		{C4793AD0-BA6C-46FE-A398-DA9E210090C0}.Release|Any CPU.Build.0 = Release|Any CPU
	EndGlobalSection
	GlobalSection(SolutionProperties) = preSolution
		HideSolutionNode = FALSE
	EndGlobalSection
	GlobalSection(ExtensibilityGlobals) = postSolution
		SolutionGuid = {0FAFDAFD-D22E-403F-BDD5-6323479527B6}
	EndGlobalSection
EndGlobal
